// !$*UTF8*$!
{
	archiveVersion = 1;
	classes = {
	};
	objectVersion = 50;
	objects = {

/* Begin PBXBuildFile section */
		128B5DCB0423DFB3C2B32247 /* Pods_petVideoTests.framework in Frameworks */ = {isa = PBXBuildFile; fileRef = FCAE7314C74F49E4AA47AED2 /* Pods_petVideoTests.framework */; };
		3686D60BC1E622C302D626CE /* Pods_petVideoUITests.framework in Frameworks */ = {isa = PBXBuildFile; fileRef = E906E08921F3432515E20925 /* Pods_petVideoUITests.framework */; };
		901327B957DAB3D29FD9863F /* Pods_petVideo.framework in Frameworks */ = {isa = PBXBuildFile; fileRef = D15EB58735886CC94D528C90 /* Pods_petVideo.framework */; };
		A08601FF21994E90001B7AF7 /* AppDelegate.swift in Sources */ = {isa = PBXBuildFile; fileRef = A08601FE21994E90001B7AF7 /* AppDelegate.swift */; };
		A086020121994E90001B7AF7 /* ViewController.swift in Sources */ = {isa = PBXBuildFile; fileRef = A086020021994E90001B7AF7 /* ViewController.swift */; };
		A086020421994E90001B7AF7 /* Main.storyboard in Resources */ = {isa = PBXBuildFile; fileRef = A086020221994E90001B7AF7 /* Main.storyboard */; };
		A086020621994E91001B7AF7 /* Assets.xcassets in Resources */ = {isa = PBXBuildFile; fileRef = A086020521994E91001B7AF7 /* Assets.xcassets */; };
		A086020921994E91001B7AF7 /* LaunchScreen.storyboard in Resources */ = {isa = PBXBuildFile; fileRef = A086020721994E91001B7AF7 /* LaunchScreen.storyboard */; };
		A086021421994E91001B7AF7 /* petVideoTests.swift in Sources */ = {isa = PBXBuildFile; fileRef = A086021321994E91001B7AF7 /* petVideoTests.swift */; };
		A086021F21994E91001B7AF7 /* petVideoUITests.swift in Sources */ = {isa = PBXBuildFile; fileRef = A086021E21994E91001B7AF7 /* petVideoUITests.swift */; };
		A086022D219952E3001B7AF7 /* CustomTabBarController.swift in Sources */ = {isa = PBXBuildFile; fileRef = A086022C219952E3001B7AF7 /* CustomTabBarController.swift */; };
		A086023021995489001B7AF7 /* CustomTabBarView.swift in Sources */ = {isa = PBXBuildFile; fileRef = A086022F21995489001B7AF7 /* CustomTabBarView.swift */; };
		A086023721995F5E001B7AF7 /* HomeViewController.swift in Sources */ = {isa = PBXBuildFile; fileRef = A086023621995F5E001B7AF7 /* HomeViewController.swift */; };
		A086023921995F78001B7AF7 /* RankViewController.swift in Sources */ = {isa = PBXBuildFile; fileRef = A086023821995F78001B7AF7 /* RankViewController.swift */; };
		A086023B21995F83001B7AF7 /* AddViewController.swift in Sources */ = {isa = PBXBuildFile; fileRef = A086023A21995F83001B7AF7 /* AddViewController.swift */; };
		A086023D21995F95001B7AF7 /* FriendViewController.swift in Sources */ = {isa = PBXBuildFile; fileRef = A086023C21995F95001B7AF7 /* FriendViewController.swift */; };
		A08602422199614C001B7AF7 /* MyViewController.swift in Sources */ = {isa = PBXBuildFile; fileRef = A08602402199614C001B7AF7 /* MyViewController.swift */; };
		A0860246219968E0001B7AF7 /* VideoCollectionViewCell.swift in Sources */ = {isa = PBXBuildFile; fileRef = A0860244219968E0001B7AF7 /* VideoCollectionViewCell.swift */; };
		A0860247219968E0001B7AF7 /* VideoCollectionViewCell.xib in Resources */ = {isa = PBXBuildFile; fileRef = A0860245219968E0001B7AF7 /* VideoCollectionViewCell.xib */; };
		A08602702199858F001B7AF7 /* PeronalDataViewController.swift in Sources */ = {isa = PBXBuildFile; fileRef = A086026F2199858F001B7AF7 /* PeronalDataViewController.swift */; };
		A086027C219A6A8B001B7AF7 /* my.png in Resources */ = {isa = PBXBuildFile; fileRef = A0860272219A6A8A001B7AF7 /* my.png */; };
		A086027D219A6A8B001B7AF7 /* add.png in Resources */ = {isa = PBXBuildFile; fileRef = A0860273219A6A8A001B7AF7 /* add.png */; };
		A086027E219A6A8B001B7AF7 /* home_select.png in Resources */ = {isa = PBXBuildFile; fileRef = A0860274219A6A8A001B7AF7 /* home_select.png */; };
		A086027F219A6A8B001B7AF7 /* add_select.png in Resources */ = {isa = PBXBuildFile; fileRef = A0860275219A6A8A001B7AF7 /* add_select.png */; };
		A0860280219A6A8B001B7AF7 /* friend_select.png in Resources */ = {isa = PBXBuildFile; fileRef = A0860276219A6A8A001B7AF7 /* friend_select.png */; };
		A0860281219A6A8B001B7AF7 /* friend.png in Resources */ = {isa = PBXBuildFile; fileRef = A0860277219A6A8A001B7AF7 /* friend.png */; };
		A0860282219A6A8B001B7AF7 /* home.png in Resources */ = {isa = PBXBuildFile; fileRef = A0860278219A6A8A001B7AF7 /* home.png */; };
		A0860283219A6A8B001B7AF7 /* my_select.png in Resources */ = {isa = PBXBuildFile; fileRef = A0860279219A6A8A001B7AF7 /* my_select.png */; };
		A0860284219A6A8B001B7AF7 /* rank_select.png in Resources */ = {isa = PBXBuildFile; fileRef = A086027A219A6A8A001B7AF7 /* rank_select.png */; };
		A0860285219A6A8B001B7AF7 /* rank.png in Resources */ = {isa = PBXBuildFile; fileRef = A086027B219A6A8A001B7AF7 /* rank.png */; };
/* End PBXBuildFile section */

/* Begin PBXContainerItemProxy section */
		A086021021994E91001B7AF7 /* PBXContainerItemProxy */ = {
			isa = PBXContainerItemProxy;
			containerPortal = A08601F321994E90001B7AF7 /* Project object */;
			proxyType = 1;
			remoteGlobalIDString = A08601FA21994E90001B7AF7;
			remoteInfo = petVideo;
		};
		A086021B21994E91001B7AF7 /* PBXContainerItemProxy */ = {
			isa = PBXContainerItemProxy;
			containerPortal = A08601F321994E90001B7AF7 /* Project object */;
			proxyType = 1;
			remoteGlobalIDString = A08601FA21994E90001B7AF7;
			remoteInfo = petVideo;
		};
/* End PBXContainerItemProxy section */

/* Begin PBXFileReference section */
		1B8658FE546F282D1FB2CDBF /* Pods-petVideo.debug.xcconfig */ = {isa = PBXFileReference; includeInIndex = 1; lastKnownFileType = text.xcconfig; name = "Pods-petVideo.debug.xcconfig"; path = "Pods/Target Support Files/Pods-petVideo/Pods-petVideo.debug.xcconfig"; sourceTree = "<group>"; };
		2D01A3544E56524FF532A2B7 /* Pods-petVideoUITests.release.xcconfig */ = {isa = PBXFileReference; includeInIndex = 1; lastKnownFileType = text.xcconfig; name = "Pods-petVideoUITests.release.xcconfig"; path = "Pods/Target Support Files/Pods-petVideoUITests/Pods-petVideoUITests.release.xcconfig"; sourceTree = "<group>"; };
		405435B5B77BE9914DB4E918 /* Pods-petVideoTests.debug.xcconfig */ = {isa = PBXFileReference; includeInIndex = 1; lastKnownFileType = text.xcconfig; name = "Pods-petVideoTests.debug.xcconfig"; path = "Pods/Target Support Files/Pods-petVideoTests/Pods-petVideoTests.debug.xcconfig"; sourceTree = "<group>"; };
		A08601FB21994E90001B7AF7 /* petVideo.app */ = {isa = PBXFileReference; explicitFileType = wrapper.application; includeInIndex = 0; path = petVideo.app; sourceTree = BUILT_PRODUCTS_DIR; };
		A08601FE21994E90001B7AF7 /* AppDelegate.swift */ = {isa = PBXFileReference; lastKnownFileType = sourcecode.swift; path = AppDelegate.swift; sourceTree = "<group>"; };
		A086020021994E90001B7AF7 /* ViewController.swift */ = {isa = PBXFileReference; lastKnownFileType = sourcecode.swift; path = ViewController.swift; sourceTree = "<group>"; };
		A086020321994E90001B7AF7 /* Base */ = {isa = PBXFileReference; lastKnownFileType = file.storyboard; name = Base; path = Base.lproj/Main.storyboard; sourceTree = "<group>"; };
		A086020521994E91001B7AF7 /* Assets.xcassets */ = {isa = PBXFileReference; lastKnownFileType = folder.assetcatalog; path = Assets.xcassets; sourceTree = "<group>"; };
		A086020821994E91001B7AF7 /* Base */ = {isa = PBXFileReference; lastKnownFileType = file.storyboard; name = Base; path = Base.lproj/LaunchScreen.storyboard; sourceTree = "<group>"; };
		A086020A21994E91001B7AF7 /* Info.plist */ = {isa = PBXFileReference; lastKnownFileType = text.plist.xml; path = Info.plist; sourceTree = "<group>"; };
		A086020F21994E91001B7AF7 /* petVideoTests.xctest */ = {isa = PBXFileReference; explicitFileType = wrapper.cfbundle; includeInIndex = 0; path = petVideoTests.xctest; sourceTree = BUILT_PRODUCTS_DIR; };
		A086021321994E91001B7AF7 /* petVideoTests.swift */ = {isa = PBXFileReference; lastKnownFileType = sourcecode.swift; path = petVideoTests.swift; sourceTree = "<group>"; };
		A086021521994E91001B7AF7 /* Info.plist */ = {isa = PBXFileReference; lastKnownFileType = text.plist.xml; path = Info.plist; sourceTree = "<group>"; };
		A086021A21994E91001B7AF7 /* petVideoUITests.xctest */ = {isa = PBXFileReference; explicitFileType = wrapper.cfbundle; includeInIndex = 0; path = petVideoUITests.xctest; sourceTree = BUILT_PRODUCTS_DIR; };
		A086021E21994E91001B7AF7 /* petVideoUITests.swift */ = {isa = PBXFileReference; lastKnownFileType = sourcecode.swift; path = petVideoUITests.swift; sourceTree = "<group>"; };
		A086022021994E91001B7AF7 /* Info.plist */ = {isa = PBXFileReference; lastKnownFileType = text.plist.xml; path = Info.plist; sourceTree = "<group>"; };
		A086022C219952E3001B7AF7 /* CustomTabBarController.swift */ = {isa = PBXFileReference; lastKnownFileType = sourcecode.swift; path = CustomTabBarController.swift; sourceTree = "<group>"; };
		A086022F21995489001B7AF7 /* CustomTabBarView.swift */ = {isa = PBXFileReference; lastKnownFileType = sourcecode.swift; path = CustomTabBarView.swift; sourceTree = "<group>"; };
		A086023621995F5E001B7AF7 /* HomeViewController.swift */ = {isa = PBXFileReference; lastKnownFileType = sourcecode.swift; path = HomeViewController.swift; sourceTree = "<group>"; };
		A086023821995F78001B7AF7 /* RankViewController.swift */ = {isa = PBXFileReference; lastKnownFileType = sourcecode.swift; path = RankViewController.swift; sourceTree = "<group>"; };
		A086023A21995F83001B7AF7 /* AddViewController.swift */ = {isa = PBXFileReference; lastKnownFileType = sourcecode.swift; path = AddViewController.swift; sourceTree = "<group>"; };
		A086023C21995F95001B7AF7 /* FriendViewController.swift */ = {isa = PBXFileReference; lastKnownFileType = sourcecode.swift; path = FriendViewController.swift; sourceTree = "<group>"; };
		A08602402199614C001B7AF7 /* MyViewController.swift */ = {isa = PBXFileReference; lastKnownFileType = sourcecode.swift; path = MyViewController.swift; sourceTree = "<group>"; };
		A0860244219968E0001B7AF7 /* VideoCollectionViewCell.swift */ = {isa = PBXFileReference; lastKnownFileType = sourcecode.swift; path = VideoCollectionViewCell.swift; sourceTree = "<group>"; };
		A0860245219968E0001B7AF7 /* VideoCollectionViewCell.xib */ = {isa = PBXFileReference; lastKnownFileType = file.xib; path = VideoCollectionViewCell.xib; sourceTree = "<group>"; };
		A086026F2199858F001B7AF7 /* PeronalDataViewController.swift */ = {isa = PBXFileReference; lastKnownFileType = sourcecode.swift; path = PeronalDataViewController.swift; sourceTree = "<group>"; };
		A0860272219A6A8A001B7AF7 /* my.png */ = {isa = PBXFileReference; lastKnownFileType = image.png; path = my.png; sourceTree = "<group>"; };
		A0860273219A6A8A001B7AF7 /* add.png */ = {isa = PBXFileReference; lastKnownFileType = image.png; path = add.png; sourceTree = "<group>"; };
		A0860274219A6A8A001B7AF7 /* home_select.png */ = {isa = PBXFileReference; lastKnownFileType = image.png; path = home_select.png; sourceTree = "<group>"; };
		A0860275219A6A8A001B7AF7 /* add_select.png */ = {isa = PBXFileReference; lastKnownFileType = image.png; path = add_select.png; sourceTree = "<group>"; };
		A0860276219A6A8A001B7AF7 /* friend_select.png */ = {isa = PBXFileReference; lastKnownFileType = image.png; path = friend_select.png; sourceTree = "<group>"; };
		A0860277219A6A8A001B7AF7 /* friend.png */ = {isa = PBXFileReference; lastKnownFileType = image.png; path = friend.png; sourceTree = "<group>"; };
		A0860278219A6A8A001B7AF7 /* home.png */ = {isa = PBXFileReference; lastKnownFileType = image.png; path = home.png; sourceTree = "<group>"; };
		A0860279219A6A8A001B7AF7 /* my_select.png */ = {isa = PBXFileReference; lastKnownFileType = image.png; path = my_select.png; sourceTree = "<group>"; };
		A086027A219A6A8A001B7AF7 /* rank_select.png */ = {isa = PBXFileReference; lastKnownFileType = image.png; path = rank_select.png; sourceTree = "<group>"; };
		A086027B219A6A8A001B7AF7 /* rank.png */ = {isa = PBXFileReference; lastKnownFileType = image.png; path = rank.png; sourceTree = "<group>"; };
		C80E09F633628FD20C310DFB /* Pods-petVideoUITests.debug.xcconfig */ = {isa = PBXFileReference; includeInIndex = 1; lastKnownFileType = text.xcconfig; name = "Pods-petVideoUITests.debug.xcconfig"; path = "Pods/Target Support Files/Pods-petVideoUITests/Pods-petVideoUITests.debug.xcconfig"; sourceTree = "<group>"; };
		D15EB58735886CC94D528C90 /* Pods_petVideo.framework */ = {isa = PBXFileReference; explicitFileType = wrapper.framework; includeInIndex = 0; path = Pods_petVideo.framework; sourceTree = BUILT_PRODUCTS_DIR; };
		DF4E09911955603E32051D02 /* Pods-petVideo.release.xcconfig */ = {isa = PBXFileReference; includeInIndex = 1; lastKnownFileType = text.xcconfig; name = "Pods-petVideo.release.xcconfig"; path = "Pods/Target Support Files/Pods-petVideo/Pods-petVideo.release.xcconfig"; sourceTree = "<group>"; };
		E879BA429C3AD1996F9C256A /* Pods-petVideoTests.release.xcconfig */ = {isa = PBXFileReference; includeInIndex = 1; lastKnownFileType = text.xcconfig; name = "Pods-petVideoTests.release.xcconfig"; path = "Pods/Target Support Files/Pods-petVideoTests/Pods-petVideoTests.release.xcconfig"; sourceTree = "<group>"; };
		E906E08921F3432515E20925 /* Pods_petVideoUITests.framework */ = {isa = PBXFileReference; explicitFileType = wrapper.framework; includeInIndex = 0; path = Pods_petVideoUITests.framework; sourceTree = BUILT_PRODUCTS_DIR; };
		FCAE7314C74F49E4AA47AED2 /* Pods_petVideoTests.framework */ = {isa = PBXFileReference; explicitFileType = wrapper.framework; includeInIndex = 0; path = Pods_petVideoTests.framework; sourceTree = BUILT_PRODUCTS_DIR; };
/* End PBXFileReference section */

/* Begin PBXFrameworksBuildPhase section */
		A08601F821994E90001B7AF7 /* Frameworks */ = {
			isa = PBXFrameworksBuildPhase;
			buildActionMask = 2147483647;
			files = (
				901327B957DAB3D29FD9863F /* Pods_petVideo.framework in Frameworks */,
			);
			runOnlyForDeploymentPostprocessing = 0;
		};
		A086020C21994E91001B7AF7 /* Frameworks */ = {
			isa = PBXFrameworksBuildPhase;
			buildActionMask = 2147483647;
			files = (
				128B5DCB0423DFB3C2B32247 /* Pods_petVideoTests.framework in Frameworks */,
			);
			runOnlyForDeploymentPostprocessing = 0;
		};
		A086021721994E91001B7AF7 /* Frameworks */ = {
			isa = PBXFrameworksBuildPhase;
			buildActionMask = 2147483647;
			files = (
				3686D60BC1E622C302D626CE /* Pods_petVideoUITests.framework in Frameworks */,
			);
			runOnlyForDeploymentPostprocessing = 0;
		};
/* End PBXFrameworksBuildPhase section */

/* Begin PBXGroup section */
		41C5FE1ABFAF5FF22D1D57DB /* Frameworks */ = {
			isa = PBXGroup;
			children = (
				D15EB58735886CC94D528C90 /* Pods_petVideo.framework */,
				FCAE7314C74F49E4AA47AED2 /* Pods_petVideoTests.framework */,
				E906E08921F3432515E20925 /* Pods_petVideoUITests.framework */,
			);
			name = Frameworks;
			sourceTree = "<group>";
		};
		A08601F221994E90001B7AF7 = {
			isa = PBXGroup;
			children = (
				A08601FD21994E90001B7AF7 /* petVideo */,
				A086021221994E91001B7AF7 /* petVideoTests */,
				A086021D21994E91001B7AF7 /* petVideoUITests */,
				A08601FC21994E90001B7AF7 /* Products */,
				E84A038FC56E34D8B9262AB4 /* Pods */,
				41C5FE1ABFAF5FF22D1D57DB /* Frameworks */,
			);
			sourceTree = "<group>";
		};
		A08601FC21994E90001B7AF7 /* Products */ = {
			isa = PBXGroup;
			children = (
				A08601FB21994E90001B7AF7 /* petVideo.app */,
				A086020F21994E91001B7AF7 /* petVideoTests.xctest */,
				A086021A21994E91001B7AF7 /* petVideoUITests.xctest */,
			);
			name = Products;
			sourceTree = "<group>";
		};
		A08601FD21994E90001B7AF7 /* petVideo */ = {
			isa = PBXGroup;
			children = (
				A0860271219A685D001B7AF7 /* assets */,
				A086023521995F3E001B7AF7 /* My */,
				A086023421995F23001B7AF7 /* Friend */,
				A086023321995ED8001B7AF7 /* Add */,
				A086023221995ECA001B7AF7 /* Rank */,
				A086023121995EC2001B7AF7 /* Home */,
				A086022E21995468001B7AF7 /* CustomView */,
				A08601FE21994E90001B7AF7 /* AppDelegate.swift */,
				A086020021994E90001B7AF7 /* ViewController.swift */,
				A086020221994E90001B7AF7 /* Main.storyboard */,
				A086020521994E91001B7AF7 /* Assets.xcassets */,
				A086020721994E91001B7AF7 /* LaunchScreen.storyboard */,
				A086020A21994E91001B7AF7 /* Info.plist */,
				A086022C219952E3001B7AF7 /* CustomTabBarController.swift */,
			);
			path = petVideo;
			sourceTree = "<group>";
		};
		A086021221994E91001B7AF7 /* petVideoTests */ = {
			isa = PBXGroup;
			children = (
				A086021321994E91001B7AF7 /* petVideoTests.swift */,
				A086021521994E91001B7AF7 /* Info.plist */,
			);
			path = petVideoTests;
			sourceTree = "<group>";
		};
		A086021D21994E91001B7AF7 /* petVideoUITests */ = {
			isa = PBXGroup;
			children = (
				A086021E21994E91001B7AF7 /* petVideoUITests.swift */,
				A086022021994E91001B7AF7 /* Info.plist */,
			);
			path = petVideoUITests;
			sourceTree = "<group>";
		};
		A086022E21995468001B7AF7 /* CustomView */ = {
			isa = PBXGroup;
			children = (
				A086022F21995489001B7AF7 /* CustomTabBarView.swift */,
				A0860244219968E0001B7AF7 /* VideoCollectionViewCell.swift */,
				A0860245219968E0001B7AF7 /* VideoCollectionViewCell.xib */,
			);
			path = CustomView;
			sourceTree = "<group>";
		};
		A086023121995EC2001B7AF7 /* Home */ = {
			isa = PBXGroup;
			children = (
				A086023621995F5E001B7AF7 /* HomeViewController.swift */,
			);
			path = Home;
			sourceTree = "<group>";
		};
		A086023221995ECA001B7AF7 /* Rank */ = {
			isa = PBXGroup;
			children = (
				A086023821995F78001B7AF7 /* RankViewController.swift */,
			);
			path = Rank;
			sourceTree = "<group>";
		};
		A086023321995ED8001B7AF7 /* Add */ = {
			isa = PBXGroup;
			children = (
				A086023A21995F83001B7AF7 /* AddViewController.swift */,
			);
			path = Add;
			sourceTree = "<group>";
		};
		A086023421995F23001B7AF7 /* Friend */ = {
			isa = PBXGroup;
			children = (
				A086023C21995F95001B7AF7 /* FriendViewController.swift */,
			);
			path = Friend;
			sourceTree = "<group>";
		};
		A086023521995F3E001B7AF7 /* My */ = {
			isa = PBXGroup;
			children = (
				A08602402199614C001B7AF7 /* MyViewController.swift */,
				A086026F2199858F001B7AF7 /* PeronalDataViewController.swift */,
			);
			path = My;
			sourceTree = "<group>";
		};
		A0860271219A685D001B7AF7 /* assets */ = {
			isa = PBXGroup;
			children = (
				A0860275219A6A8A001B7AF7 /* add_select.png */,
				A0860273219A6A8A001B7AF7 /* add.png */,
				A0860276219A6A8A001B7AF7 /* friend_select.png */,
				A0860277219A6A8A001B7AF7 /* friend.png */,
				A0860274219A6A8A001B7AF7 /* home_select.png */,
				A0860278219A6A8A001B7AF7 /* home.png */,
				A0860279219A6A8A001B7AF7 /* my_select.png */,
				A0860272219A6A8A001B7AF7 /* my.png */,
				A086027A219A6A8A001B7AF7 /* rank_select.png */,
				A086027B219A6A8A001B7AF7 /* rank.png */,
			);
			path = assets;
			sourceTree = "<group>";
		};
		E84A038FC56E34D8B9262AB4 /* Pods */ = {
			isa = PBXGroup;
			children = (
				1B8658FE546F282D1FB2CDBF /* Pods-petVideo.debug.xcconfig */,
				DF4E09911955603E32051D02 /* Pods-petVideo.release.xcconfig */,
				405435B5B77BE9914DB4E918 /* Pods-petVideoTests.debug.xcconfig */,
				E879BA429C3AD1996F9C256A /* Pods-petVideoTests.release.xcconfig */,
				C80E09F633628FD20C310DFB /* Pods-petVideoUITests.debug.xcconfig */,
				2D01A3544E56524FF532A2B7 /* Pods-petVideoUITests.release.xcconfig */,
			);
			name = Pods;
			sourceTree = "<group>";
		};
/* End PBXGroup section */

/* Begin PBXNativeTarget section */
		A08601FA21994E90001B7AF7 /* petVideo */ = {
			isa = PBXNativeTarget;
			buildConfigurationList = A086022321994E91001B7AF7 /* Build configuration list for PBXNativeTarget "petVideo" */;
			buildPhases = (
				EDDA875CFCD32F69A179E929 /* [CP] Check Pods Manifest.lock */,
				A08601F721994E90001B7AF7 /* Sources */,
				A08601F821994E90001B7AF7 /* Frameworks */,
				A08601F921994E90001B7AF7 /* Resources */,
				F8AC7CB3508FE217333AB8C0 /* [CP] Embed Pods Frameworks */,
			);
			buildRules = (
			);
			dependencies = (
			);
			name = petVideo;
			productName = petVideo;
			productReference = A08601FB21994E90001B7AF7 /* petVideo.app */;
			productType = "com.apple.product-type.application";
		};
		A086020E21994E91001B7AF7 /* petVideoTests */ = {
			isa = PBXNativeTarget;
			buildConfigurationList = A086022621994E91001B7AF7 /* Build configuration list for PBXNativeTarget "petVideoTests" */;
			buildPhases = (
				3FB09D31C966E11DD76AFBBC /* [CP] Check Pods Manifest.lock */,
				A086020B21994E91001B7AF7 /* Sources */,
				A086020C21994E91001B7AF7 /* Frameworks */,
				A086020D21994E91001B7AF7 /* Resources */,
			);
			buildRules = (
			);
			dependencies = (
				A086021121994E91001B7AF7 /* PBXTargetDependency */,
			);
			name = petVideoTests;
			productName = petVideoTests;
			productReference = A086020F21994E91001B7AF7 /* petVideoTests.xctest */;
			productType = "com.apple.product-type.bundle.unit-test";
		};
		A086021921994E91001B7AF7 /* petVideoUITests */ = {
			isa = PBXNativeTarget;
			buildConfigurationList = A086022921994E91001B7AF7 /* Build configuration list for PBXNativeTarget "petVideoUITests" */;
			buildPhases = (
				4D1B322C2F551BCCC5E621AC /* [CP] Check Pods Manifest.lock */,
				A086021621994E91001B7AF7 /* Sources */,
				A086021721994E91001B7AF7 /* Frameworks */,
				A086021821994E91001B7AF7 /* Resources */,
			);
			buildRules = (
			);
			dependencies = (
				A086021C21994E91001B7AF7 /* PBXTargetDependency */,
			);
			name = petVideoUITests;
			productName = petVideoUITests;
			productReference = A086021A21994E91001B7AF7 /* petVideoUITests.xctest */;
			productType = "com.apple.product-type.bundle.ui-testing";
		};
/* End PBXNativeTarget section */

/* Begin PBXProject section */
		A08601F321994E90001B7AF7 /* Project object */ = {
			isa = PBXProject;
			attributes = {
				LastSwiftUpdateCheck = 1010;
				LastUpgradeCheck = 1010;
				ORGANIZATIONNAME = yujian;
				TargetAttributes = {
					A08601FA21994E90001B7AF7 = {
						CreatedOnToolsVersion = 10.1;
					};
					A086020E21994E91001B7AF7 = {
						CreatedOnToolsVersion = 10.1;
						TestTargetID = A08601FA21994E90001B7AF7;
					};
					A086021921994E91001B7AF7 = {
						CreatedOnToolsVersion = 10.1;
						TestTargetID = A08601FA21994E90001B7AF7;
					};
				};
			};
			buildConfigurationList = A08601F621994E90001B7AF7 /* Build configuration list for PBXProject "petVideo" */;
			compatibilityVersion = "Xcode 9.3";
			developmentRegion = en;
			hasScannedForEncodings = 0;
			knownRegions = (
				en,
				Base,
			);
			mainGroup = A08601F221994E90001B7AF7;
			productRefGroup = A08601FC21994E90001B7AF7 /* Products */;
			projectDirPath = "";
			projectRoot = "";
			targets = (
				A08601FA21994E90001B7AF7 /* petVideo */,
				A086020E21994E91001B7AF7 /* petVideoTests */,
				A086021921994E91001B7AF7 /* petVideoUITests */,
			);
		};
/* End PBXProject section */

/* Begin PBXResourcesBuildPhase section */
		A08601F921994E90001B7AF7 /* Resources */ = {
			isa = PBXResourcesBuildPhase;
			buildActionMask = 2147483647;
			files = (
				A0860284219A6A8B001B7AF7 /* rank_select.png in Resources */,
				A086027C219A6A8B001B7AF7 /* my.png in Resources */,
				A086027F219A6A8B001B7AF7 /* add_select.png in Resources */,
				A0860282219A6A8B001B7AF7 /* home.png in Resources */,
				A086020921994E91001B7AF7 /* LaunchScreen.storyboard in Resources */,
				A086020621994E91001B7AF7 /* Assets.xcassets in Resources */,
				A086027E219A6A8B001B7AF7 /* home_select.png in Resources */,
				A0860281219A6A8B001B7AF7 /* friend.png in Resources */,
				A086027D219A6A8B001B7AF7 /* add.png in Resources */,
				A0860247219968E0001B7AF7 /* VideoCollectionViewCell.xib in Resources */,
				A0860283219A6A8B001B7AF7 /* my_select.png in Resources */,
				A086020421994E90001B7AF7 /* Main.storyboard in Resources */,
				A0860280219A6A8B001B7AF7 /* friend_select.png in Resources */,
				A0860285219A6A8B001B7AF7 /* rank.png in Resources */,
			);
			runOnlyForDeploymentPostprocessing = 0;
		};
		A086020D21994E91001B7AF7 /* Resources */ = {
			isa = PBXResourcesBuildPhase;
			buildActionMask = 2147483647;
			files = (
			);
			runOnlyForDeploymentPostprocessing = 0;
		};
		A086021821994E91001B7AF7 /* Resources */ = {
			isa = PBXResourcesBuildPhase;
			buildActionMask = 2147483647;
			files = (
			);
			runOnlyForDeploymentPostprocessing = 0;
		};
/* End PBXResourcesBuildPhase section */

/* Begin PBXShellScriptBuildPhase section */
		3FB09D31C966E11DD76AFBBC /* [CP] Check Pods Manifest.lock */ = {
			isa = PBXShellScriptBuildPhase;
			buildActionMask = 2147483647;
			files = (
			);
			inputFileListPaths = (
			);
			inputPaths = (
				"${PODS_PODFILE_DIR_PATH}/Podfile.lock",
				"${PODS_ROOT}/Manifest.lock",
			);
			name = "[CP] Check Pods Manifest.lock";
			outputFileListPaths = (
			);
			outputPaths = (
				"$(DERIVED_FILE_DIR)/Pods-petVideoTests-checkManifestLockResult.txt",
			);
			runOnlyForDeploymentPostprocessing = 0;
			shellPath = /bin/sh;
			shellScript = "diff \"${PODS_PODFILE_DIR_PATH}/Podfile.lock\" \"${PODS_ROOT}/Manifest.lock\" > /dev/null\nif [ $? != 0 ] ; then\n    # print error to STDERR\n    echo \"error: The sandbox is not in sync with the Podfile.lock. Run 'pod install' or update your CocoaPods installation.\" >&2\n    exit 1\nfi\n# This output is used by Xcode 'outputs' to avoid re-running this script phase.\necho \"SUCCESS\" > \"${SCRIPT_OUTPUT_FILE_0}\"\n";
			showEnvVarsInLog = 0;
		};
		4D1B322C2F551BCCC5E621AC /* [CP] Check Pods Manifest.lock */ = {
			isa = PBXShellScriptBuildPhase;
			buildActionMask = 2147483647;
			files = (
			);
			inputFileListPaths = (
			);
			inputPaths = (
				"${PODS_PODFILE_DIR_PATH}/Podfile.lock",
				"${PODS_ROOT}/Manifest.lock",
			);
			name = "[CP] Check Pods Manifest.lock";
			outputFileListPaths = (
			);
			outputPaths = (
				"$(DERIVED_FILE_DIR)/Pods-petVideoUITests-checkManifestLockResult.txt",
			);
			runOnlyForDeploymentPostprocessing = 0;
			shellPath = /bin/sh;
			shellScript = "diff \"${PODS_PODFILE_DIR_PATH}/Podfile.lock\" \"${PODS_ROOT}/Manifest.lock\" > /dev/null\nif [ $? != 0 ] ; then\n    # print error to STDERR\n    echo \"error: The sandbox is not in sync with the Podfile.lock. Run 'pod install' or update your CocoaPods installation.\" >&2\n    exit 1\nfi\n# This output is used by Xcode 'outputs' to avoid re-running this script phase.\necho \"SUCCESS\" > \"${SCRIPT_OUTPUT_FILE_0}\"\n";
			showEnvVarsInLog = 0;
		};
		EDDA875CFCD32F69A179E929 /* [CP] Check Pods Manifest.lock */ = {
			isa = PBXShellScriptBuildPhase;
			buildActionMask = 2147483647;
			files = (
			);
			inputFileListPaths = (
			);
			inputPaths = (
				"${PODS_PODFILE_DIR_PATH}/Podfile.lock",
				"${PODS_ROOT}/Manifest.lock",
			);
			name = "[CP] Check Pods Manifest.lock";
			outputFileListPaths = (
			);
			outputPaths = (
				"$(DERIVED_FILE_DIR)/Pods-petVideo-checkManifestLockResult.txt",
			);
			runOnlyForDeploymentPostprocessing = 0;
			shellPath = /bin/sh;
			shellScript = "diff \"${PODS_PODFILE_DIR_PATH}/Podfile.lock\" \"${PODS_ROOT}/Manifest.lock\" > /dev/null\nif [ $? != 0 ] ; then\n    # print error to STDERR\n    echo \"error: The sandbox is not in sync with the Podfile.lock. Run 'pod install' or update your CocoaPods installation.\" >&2\n    exit 1\nfi\n# This output is used by Xcode 'outputs' to avoid re-running this script phase.\necho \"SUCCESS\" > \"${SCRIPT_OUTPUT_FILE_0}\"\n";
			showEnvVarsInLog = 0;
		};
		F8AC7CB3508FE217333AB8C0 /* [CP] Embed Pods Frameworks */ = {
			isa = PBXShellScriptBuildPhase;
			buildActionMask = 2147483647;
			files = (
			);
			inputFileListPaths = (
			);
			inputPaths = (
				"${SRCROOT}/Pods/Target Support Files/Pods-petVideo/Pods-petVideo-frameworks.sh",
				"${BUILT_PRODUCTS_DIR}/Alamofire/Alamofire.framework",
				"${BUILT_PRODUCTS_DIR}/SnapKit/SnapKit.framework",
			);
			name = "[CP] Embed Pods Frameworks";
			outputFileListPaths = (
			);
			outputPaths = (
				"${TARGET_BUILD_DIR}/${FRAMEWORKS_FOLDER_PATH}/Alamofire.framework",
				"${TARGET_BUILD_DIR}/${FRAMEWORKS_FOLDER_PATH}/SnapKit.framework",
			);
			runOnlyForDeploymentPostprocessing = 0;
			shellPath = /bin/sh;
			shellScript = "\"${SRCROOT}/Pods/Target Support Files/Pods-petVideo/Pods-petVideo-frameworks.sh\"\n";
			showEnvVarsInLog = 0;
		};
/* End PBXShellScriptBuildPhase section */

/* Begin PBXSourcesBuildPhase section */
		A08601F721994E90001B7AF7 /* Sources */ = {
			isa = PBXSourcesBuildPhase;
			buildActionMask = 2147483647;
			files = (
				A086023721995F5E001B7AF7 /* HomeViewController.swift in Sources */,
				A086020121994E90001B7AF7 /* ViewController.swift in Sources */,
				A086023B21995F83001B7AF7 /* AddViewController.swift in Sources */,
				A086023921995F78001B7AF7 /* RankViewController.swift in Sources */,
				A08602702199858F001B7AF7 /* PeronalDataViewController.swift in Sources */,
				A08602422199614C001B7AF7 /* MyViewController.swift in Sources */,
				A086023D21995F95001B7AF7 /* FriendViewController.swift in Sources */,
				A08601FF21994E90001B7AF7 /* AppDelegate.swift in Sources */,
				A086022D219952E3001B7AF7 /* CustomTabBarController.swift in Sources */,
				A0860246219968E0001B7AF7 /* VideoCollectionViewCell.swift in Sources */,
				A086023021995489001B7AF7 /* CustomTabBarView.swift in Sources */,
			);
			runOnlyForDeploymentPostprocessing = 0;
		};
		A086020B21994E91001B7AF7 /* Sources */ = {
			isa = PBXSourcesBuildPhase;
			buildActionMask = 2147483647;
			files = (
				A086021421994E91001B7AF7 /* petVideoTests.swift in Sources */,
			);
			runOnlyForDeploymentPostprocessing = 0;
		};
		A086021621994E91001B7AF7 /* Sources */ = {
			isa = PBXSourcesBuildPhase;
			buildActionMask = 2147483647;
			files = (
				A086021F21994E91001B7AF7 /* petVideoUITests.swift in Sources */,
			);
			runOnlyForDeploymentPostprocessing = 0;
		};
/* End PBXSourcesBuildPhase section */

/* Begin PBXTargetDependency section */
		A086021121994E91001B7AF7 /* PBXTargetDependency */ = {
			isa = PBXTargetDependency;
			target = A08601FA21994E90001B7AF7 /* petVideo */;
			targetProxy = A086021021994E91001B7AF7 /* PBXContainerItemProxy */;
		};
		A086021C21994E91001B7AF7 /* PBXTargetDependency */ = {
			isa = PBXTargetDependency;
			target = A08601FA21994E90001B7AF7 /* petVideo */;
			targetProxy = A086021B21994E91001B7AF7 /* PBXContainerItemProxy */;
		};
/* End PBXTargetDependency section */

/* Begin PBXVariantGroup section */
		A086020221994E90001B7AF7 /* Main.storyboard */ = {
			isa = PBXVariantGroup;
			children = (
				A086020321994E90001B7AF7 /* Base */,
			);
			name = Main.storyboard;
			sourceTree = "<group>";
		};
		A086020721994E91001B7AF7 /* LaunchScreen.storyboard */ = {
			isa = PBXVariantGroup;
			children = (
				A086020821994E91001B7AF7 /* Base */,
			);
			name = LaunchScreen.storyboard;
			sourceTree = "<group>";
		};
/* End PBXVariantGroup section */

/* Begin XCBuildConfiguration section */
		A086022121994E91001B7AF7 /* Debug */ = {
			isa = XCBuildConfiguration;
			buildSettings = {
				ALWAYS_SEARCH_USER_PATHS = NO;
				CLANG_ANALYZER_NONNULL = YES;
				CLANG_ANALYZER_NUMBER_OBJECT_CONVERSION = YES_AGGRESSIVE;
				CLANG_CXX_LANGUAGE_STANDARD = "gnu++14";
				CLANG_CXX_LIBRARY = "libc++";
				CLANG_ENABLE_MODULES = YES;
				CLANG_ENABLE_OBJC_ARC = YES;
				CLANG_ENABLE_OBJC_WEAK = YES;
				CLANG_WARN_BLOCK_CAPTURE_AUTORELEASING = YES;
				CLANG_WARN_BOOL_CONVERSION = YES;
				CLANG_WARN_COMMA = YES;
				CLANG_WARN_CONSTANT_CONVERSION = YES;
				CLANG_WARN_DEPRECATED_OBJC_IMPLEMENTATIONS = YES;
				CLANG_WARN_DIRECT_OBJC_ISA_USAGE = YES_ERROR;
				CLANG_WARN_DOCUMENTATION_COMMENTS = YES;
				CLANG_WARN_EMPTY_BODY = YES;
				CLANG_WARN_ENUM_CONVERSION = YES;
				CLANG_WARN_INFINITE_RECURSION = YES;
				CLANG_WARN_INT_CONVERSION = YES;
				CLANG_WARN_NON_LITERAL_NULL_CONVERSION = YES;
				CLANG_WARN_OBJC_IMPLICIT_RETAIN_SELF = YES;
				CLANG_WARN_OBJC_LITERAL_CONVERSION = YES;
				CLANG_WARN_OBJC_ROOT_CLASS = YES_ERROR;
				CLANG_WARN_RANGE_LOOP_ANALYSIS = YES;
				CLANG_WARN_STRICT_PROTOTYPES = YES;
				CLANG_WARN_SUSPICIOUS_MOVE = YES;
				CLANG_WARN_UNGUARDED_AVAILABILITY = YES_AGGRESSIVE;
				CLANG_WARN_UNREACHABLE_CODE = YES;
				CLANG_WARN__DUPLICATE_METHOD_MATCH = YES;
				CODE_SIGN_IDENTITY = "iPhone Developer";
				COPY_PHASE_STRIP = NO;
				DEBUG_INFORMATION_FORMAT = dwarf;
				ENABLE_STRICT_OBJC_MSGSEND = YES;
				ENABLE_TESTABILITY = YES;
				GCC_C_LANGUAGE_STANDARD = gnu11;
				GCC_DYNAMIC_NO_PIC = NO;
				GCC_NO_COMMON_BLOCKS = YES;
				GCC_OPTIMIZATION_LEVEL = 0;
				GCC_PREPROCESSOR_DEFINITIONS = (
					"DEBUG=1",
					"$(inherited)",
				);
				GCC_WARN_64_TO_32_BIT_CONVERSION = YES;
				GCC_WARN_ABOUT_RETURN_TYPE = YES_ERROR;
				GCC_WARN_UNDECLARED_SELECTOR = YES;
				GCC_WARN_UNINITIALIZED_AUTOS = YES_AGGRESSIVE;
				GCC_WARN_UNUSED_FUNCTION = YES;
				GCC_WARN_UNUSED_VARIABLE = YES;
				IPHONEOS_DEPLOYMENT_TARGET = 12.1;
				MTL_ENABLE_DEBUG_INFO = INCLUDE_SOURCE;
				MTL_FAST_MATH = YES;
				ONLY_ACTIVE_ARCH = YES;
				SDKROOT = iphoneos;
				SWIFT_ACTIVE_COMPILATION_CONDITIONS = DEBUG;
				SWIFT_OPTIMIZATION_LEVEL = "-Onone";
			};
			name = Debug;
		};
		A086022221994E91001B7AF7 /* Release */ = {
			isa = XCBuildConfiguration;
			buildSettings = {
				ALWAYS_SEARCH_USER_PATHS = NO;
				CLANG_ANALYZER_NONNULL = YES;
				CLANG_ANALYZER_NUMBER_OBJECT_CONVERSION = YES_AGGRESSIVE;
				CLANG_CXX_LANGUAGE_STANDARD = "gnu++14";
				CLANG_CXX_LIBRARY = "libc++";
				CLANG_ENABLE_MODULES = YES;
				CLANG_ENABLE_OBJC_ARC = YES;
				CLANG_ENABLE_OBJC_WEAK = YES;
				CLANG_WARN_BLOCK_CAPTURE_AUTORELEASING = YES;
				CLANG_WARN_BOOL_CONVERSION = YES;
				CLANG_WARN_COMMA = YES;
				CLANG_WARN_CONSTANT_CONVERSION = YES;
				CLANG_WARN_DEPRECATED_OBJC_IMPLEMENTATIONS = YES;
				CLANG_WARN_DIRECT_OBJC_ISA_USAGE = YES_ERROR;
				CLANG_WARN_DOCUMENTATION_COMMENTS = YES;
				CLANG_WARN_EMPTY_BODY = YES;
				CLANG_WARN_ENUM_CONVERSION = YES;
				CLANG_WARN_INFINITE_RECURSION = YES;
				CLANG_WARN_INT_CONVERSION = YES;
				CLANG_WARN_NON_LITERAL_NULL_CONVERSION = YES;
				CLANG_WARN_OBJC_IMPLICIT_RETAIN_SELF = YES;
				CLANG_WARN_OBJC_LITERAL_CONVERSION = YES;
				CLANG_WARN_OBJC_ROOT_CLASS = YES_ERROR;
				CLANG_WARN_RANGE_LOOP_ANALYSIS = YES;
				CLANG_WARN_STRICT_PROTOTYPES = YES;
				CLANG_WARN_SUSPICIOUS_MOVE = YES;
				CLANG_WARN_UNGUARDED_AVAILABILITY = YES_AGGRESSIVE;
				CLANG_WARN_UNREACHABLE_CODE = YES;
				CLANG_WARN__DUPLICATE_METHOD_MATCH = YES;
				CODE_SIGN_IDENTITY = "iPhone Developer";
				COPY_PHASE_STRIP = NO;
				DEBUG_INFORMATION_FORMAT = "dwarf-with-dsym";
				ENABLE_NS_ASSERTIONS = NO;
				ENABLE_STRICT_OBJC_MSGSEND = YES;
				GCC_C_LANGUAGE_STANDARD = gnu11;
				GCC_NO_COMMON_BLOCKS = YES;
				GCC_WARN_64_TO_32_BIT_CONVERSION = YES;
				GCC_WARN_ABOUT_RETURN_TYPE = YES_ERROR;
				GCC_WARN_UNDECLARED_SELECTOR = YES;
				GCC_WARN_UNINITIALIZED_AUTOS = YES_AGGRESSIVE;
				GCC_WARN_UNUSED_FUNCTION = YES;
				GCC_WARN_UNUSED_VARIABLE = YES;
				IPHONEOS_DEPLOYMENT_TARGET = 12.1;
				MTL_ENABLE_DEBUG_INFO = NO;
				MTL_FAST_MATH = YES;
				SDKROOT = iphoneos;
				SWIFT_COMPILATION_MODE = wholemodule;
				SWIFT_OPTIMIZATION_LEVEL = "-O";
				VALIDATE_PRODUCT = YES;
			};
			name = Release;
		};
		A086022421994E91001B7AF7 /* Debug */ = {
			isa = XCBuildConfiguration;
			baseConfigurationReference = 1B8658FE546F282D1FB2CDBF /* Pods-petVideo.debug.xcconfig */;
			buildSettings = {
				ASSETCATALOG_COMPILER_APPICON_NAME = AppIcon;
				CODE_SIGN_STYLE = Automatic;
				INFOPLIST_FILE = petVideo/Info.plist;
				LD_RUNPATH_SEARCH_PATHS = (
					"$(inherited)",
					"@executable_path/Frameworks",
				);
				PRODUCT_BUNDLE_IDENTIFIER = com.yujian.petVideo;
				PRODUCT_NAME = "$(TARGET_NAME)";
				SWIFT_VERSION = 4.2;
				TARGETED_DEVICE_FAMILY = "1,2";
			};
			name = Debug;
		};
		A086022521994E91001B7AF7 /* Release */ = {
			isa = XCBuildConfiguration;
			baseConfigurationReference = DF4E09911955603E32051D02 /* Pods-petVideo.release.xcconfig */;
			buildSettings = {
				ASSETCATALOG_COMPILER_APPICON_NAME = AppIcon;
				CODE_SIGN_STYLE = Automatic;
				INFOPLIST_FILE = petVideo/Info.plist;
				LD_RUNPATH_SEARCH_PATHS = (
					"$(inherited)",
					"@executable_path/Frameworks",
				);
				PRODUCT_BUNDLE_IDENTIFIER = com.yujian.petVideo;
				PRODUCT_NAME = "$(TARGET_NAME)";
				SWIFT_VERSION = 4.2;
				TARGETED_DEVICE_FAMILY = "1,2";
			};
			name = Release;
		};
		A086022721994E91001B7AF7 /* Debug */ = {
			isa = XCBuildConfiguration;
			baseConfigurationReference = 405435B5B77BE9914DB4E918 /* Pods-petVideoTests.debug.xcconfig */;
			buildSettings = {
				ALWAYS_EMBED_SWIFT_STANDARD_LIBRARIES = YES;
				BUNDLE_LOADER = "$(TEST_HOST)";
				CODE_SIGN_STYLE = Automatic;
				INFOPLIST_FILE = petVideoTests/Info.plist;
				LD_RUNPATH_SEARCH_PATHS = (
					"$(inherited)",
					"@executable_path/Frameworks",
					"@loader_path/Frameworks",
				);
				PRODUCT_BUNDLE_IDENTIFIER = com.yujian.petVideoTests;
				PRODUCT_NAME = "$(TARGET_NAME)";
				SWIFT_VERSION = 4.2;
				TARGETED_DEVICE_FAMILY = "1,2";
				TEST_HOST = "$(BUILT_PRODUCTS_DIR)/petVideo.app/petVideo";
			};
			name = Debug;
		};
		A086022821994E91001B7AF7 /* Release */ = {
			isa = XCBuildConfiguration;
			baseConfigurationReference = E879BA429C3AD1996F9C256A /* Pods-petVideoTests.release.xcconfig */;
			buildSettings = {
				ALWAYS_EMBED_SWIFT_STANDARD_LIBRARIES = YES;
				BUNDLE_LOADER = "$(TEST_HOST)";
				CODE_SIGN_STYLE = Automatic;
				INFOPLIST_FILE = petVideoTests/Info.plist;
				LD_RUNPATH_SEARCH_PATHS = (
					"$(inherited)",
					"@executable_path/Frameworks",
					"@loader_path/Frameworks",
				);
				PRODUCT_BUNDLE_IDENTIFIER = com.yujian.petVideoTests;
				PRODUCT_NAME = "$(TARGET_NAME)";
				SWIFT_VERSION = 4.2;
				TARGETED_DEVICE_FAMILY = "1,2";
				TEST_HOST = "$(BUILT_PRODUCTS_DIR)/petVideo.app/petVideo";
			};
			name = Release;
		};
		A086022A21994E91001B7AF7 /* Debug */ = {
			isa = XCBuildConfiguration;
			baseConfigurationReference = C80E09F633628FD20C310DFB /* Pods-petVideoUITests.debug.xcconfig */;
			buildSettings = {
				ALWAYS_EMBED_SWIFT_STANDARD_LIBRARIES = YES;
				CODE_SIGN_STYLE = Automatic;
				INFOPLIST_FILE = petVideoUITests/Info.plist;
				LD_RUNPATH_SEARCH_PATHS = (
					"$(inherited)",
					"@executable_path/Frameworks",
					"@loader_path/Frameworks",
				);
				PRODUCT_BUNDLE_IDENTIFIER = com.yujian.petVideoUITests;
				PRODUCT_NAME = "$(TARGET_NAME)";
				SWIFT_VERSION = 4.2;
				TARGETED_DEVICE_FAMILY = "1,2";
				TEST_TARGET_NAME = petVideo;
			};
			name = Debug;
		};
		A086022B21994E91001B7AF7 /* Release */ = {
			isa = XCBuildConfiguration;
			baseConfigurationReference = 2D01A3544E56524FF532A2B7 /* Pods-petVideoUITests.release.xcconfig */;
			buildSettings = {
				ALWAYS_EMBED_SWIFT_STANDARD_LIBRARIES = YES;
				CODE_SIGN_STYLE = Automatic;
				INFOPLIST_FILE = petVideoUITests/Info.plist;
				LD_RUNPATH_SEARCH_PATHS = (
					"$(inherited)",
					"@executable_path/Frameworks",
					"@loader_path/Frameworks",
				);
				PRODUCT_BUNDLE_IDENTIFIER = com.yujian.petVideoUITests;
				PRODUCT_NAME = "$(TARGET_NAME)";
				SWIFT_VERSION = 4.2;
				TARGETED_DEVICE_FAMILY = "1,2";
				TEST_TARGET_NAME = petVideo;
			};
			name = Release;
		};
/* End XCBuildConfiguration section */

/* Begin XCConfigurationList section */
		A08601F621994E90001B7AF7 /* Build configuration list for PBXProject "petVideo" */ = {
			isa = XCConfigurationList;
			buildConfigurations = (
				A086022121994E91001B7AF7 /* Debug */,
				A086022221994E91001B7AF7 /* Release */,
			);
			defaultConfigurationIsVisible = 0;
			defaultConfigurationName = Release;
		};
		A086022321994E91001B7AF7 /* Build configuration list for PBXNativeTarget "petVideo" */ = {
			isa = XCConfigurationList;
			buildConfigurations = (
				A086022421994E91001B7AF7 /* Debug */,
				A086022521994E91001B7AF7 /* Release */,
			);
			defaultConfigurationIsVisible = 0;
			defaultConfigurationName = Release;
		};
		A086022621994E91001B7AF7 /* Build configuration list for PBXNativeTarget "petVideoTests" */ = {
			isa = XCConfigurationList;
			buildConfigurations = (
				A086022721994E91001B7AF7 /* Debug */,
				A086022821994E91001B7AF7 /* Release */,
			);
			defaultConfigurationIsVisible = 0;
			defaultConfigurationName = Release;
		};
		A086022921994E91001B7AF7 /* Build configuration list for PBXNativeTarget "petVideoUITests" */ = {
			isa = XCConfigurationList;
			buildConfigurations = (
				A086022A21994E91001B7AF7 /* Debug */,
				A086022B21994E91001B7AF7 /* Release */,
			);
			defaultConfigurationIsVisible = 0;
			defaultConfigurationName = Release;
		};
/* End XCConfigurationList section */
	};
	rootObject = A08601F321994E90001B7AF7 /* Project object */;
}
